
Microsoft Visual Studio Solution File, Format Version 12.00
# Visual Studio Version 17
VisualStudioVersion = 17.10.35122.118
MinimumVisualStudioVersion = 10.0.40219.1
Project("{FAE04EC0-301F-11D3-BF4B-00C04F79EFBC}") = "TP2_Grupo_7_v1", "TP2_Grupo_7_v1.csproj", "{06724650-3542-42AD-B799-BE859D2F946F}"
EndProject
Global
	GlobalSection(SolutionConfigurationPlatforms) = preSolution
		Debug|Any CPU = Debug|Any CPU
		Release|Any CPU = Release|Any CPU
	EndGlobalSection
	GlobalSection(ProjectConfigurationPlatforms) = postSolution
		{06724650-3542-42AD-B799-BE859D2F946F}.Debug|Any CPU.ActiveCfg = Debug|Any CPU
		{06724650-3542-42AD-B799-BE859D2F946F}.Debug|Any CPU.Build.0 = Debug|Any CPU
		{06724650-3542-42AD-B799-BE859D2F946F}.Release|Any CPU.ActiveCfg = Release|Any CPU
		{06724650-3542-42AD-B799-BE859D2F946F}.Release|Any CPU.Build.0 = Release|Any CPU
	EndGlobalSection
	GlobalSection(SolutionProperties) = preSolution
		HideSolutionNode = FALSE
	EndGlobalSection
	GlobalSection(ExtensibilityGlobals) = postSolution
		SolutionGuid = {BB226657-DE22-41DA-B8E8-BD4FC7A9D825}
	EndGlobalSection
EndGlobal
